{
  "name": "trpc",
  "version": "1.0.0",
  "lockfileVersion": 3,
  "requires": true,
  "packages": {
    "": {
      "name": "trpc",
      "version": "1.0.0",
      "license": "ISC",
      "dependencies": {
        "@trpc/client": "^11.6.0",
        "@trpc/server": "^11.6.0",
        "typescript": "^5.9.2",
        "zod": "^4.1.11"
      }
    },
    "node_modules/@trpc/client": {
      "version": "11.6.0",
      "resolved": "https://registry.npmjs.org/@trpc/client/-/client-11.6.0.tgz",
      "integrity": "sha512-DyWbYk2hd50BaVrXWVkaUnaSwgAF5g/lfBkXtkF1Aqlk6BtSzGUo3owPkgqQO2I5LwWy1+ra9TsSfBBvIZpTwg==",
      "funding": [
        "https://trpc.io/sponsor"
      ],
      "license": "MIT",
      "peerDependencies": {
        "@trpc/server": "11.6.0",
        "typescript": ">=5.7.2"
      }
    },
    "node_modules/@trpc/server": {
      "version": "11.6.0",
      "resolved": "https://registry.npmjs.org/@trpc/server/-/server-11.6.0.tgz",
      "integrity": "sha512-skTso0AWbOZck40jwNeYv++AMZXNWLUWdyk+pB5iVaYmEKTuEeMoPrEudR12VafbEU6tZa8HK3QhBfTYYHDCdg==",
      "funding": [
        "https://trpc.io/sponsor"
      ],
      "license": "MIT",
      "peerDependencies": {
        "typescript": ">=5.7.2"
      }
    },
    "node_modules/typescript": {
      "version": "5.9.2",
      "resolved": "https://registry.npmjs.org/typescript/-/typescript-5.9.2.tgz",
      "integrity": "sha512-CWBzXQrc/qOkhidw1OzBTQuYRbfyxDXJMVJ1XNwUHGROVmuaeiEm3OslpZ1RV96d7SKKjZKrSJu3+t/xlw3R9A==",
      "license": "Apache-2.0",
      "bin": {
        "tsc": "bin/tsc",
        "tsserver": "bin/tsserver"
      },
      "engines": {
        "node": ">=14.17"
      }
    },
    "node_modules/zod": {
      "version": "4.1.11",
      "resolved": "https://registry.npmjs.org/zod/-/zod-4.1.11.tgz",
      "integrity": "sha512-WPsqwxITS2tzx1bzhIKsEs19ABD5vmCVa4xBo2tq/SrV4RNZtfws1EnCWQXM6yh8bD08a1idvkB5MZSBiZsjwg==",
      "license": "MIT",
      "funding": {
        "url": "https://github.com/sponsors/colinhacks"
      }
    }
  }
}
